<?xml version="1.0" encoding="utf-8"?>
<Project ToolsVersion="4.0" xmlns="http://schemas.microsoft.com/developer/msbuild/2003">
  <ItemGroup>
    <Filter Include="Source Files">
      <UniqueIdentifier>{4FC737F1-C7A5-4376-A066-2A32D752A2FF}</UniqueIdentifier>
      <Extensions>cpp;c;cc;cxx;c++;cppm;ixx;def;odl;idl;hpj;bat;asm;asmx</Extensions>
    </Filter>
    <Filter Include="Header Files">
      <UniqueIdentifier>{93995380-89BD-4b04-88EB-625FBE52EBFB}</UniqueIdentifier>
      <Extensions>h;hh;hpp;hxx;h++;hm;inl;inc;ipp;xsd</Extensions>
    </Filter>
    <Filter Include="Resource Files">
      <UniqueIdentifier>{67DA6AB6-F800-4c08-8B7A-83BB121AAD01}</UniqueIdentifier>
      <Extensions>rc;ico;cur;bmp;dlg;rc2;rct;bin;rgs;gif;jpg;jpeg;jpe;resx;tiff;tif;png;wav;mfcribbon-ms</Extensions>
    </Filter>
  </ItemGroup>
  <ItemGroup>
    <ClInclude Include="framework.h">
      <Filter>Header Files</Filter>
    </ClInclude>
    <ClInclude Include="targetver.h">
      <Filter>Header Files</Filter>
    </ClInclude>
    <ClInclude Include="Resource.h">
      <Filter>Header Files</Filter>
    </ClInclude>
    <ClInclude Include="FontGlyph.h">
      <Filter>Header Files</Filter>
    </ClInclude>
    <ClInclude Include="InfoWnd.h">
      <Filter>Header Files</Filter>
    </ClInclude>
    <ClInclude Include="CtrlDiv.h">
      <Filter>Header Files</Filter>
    </ClInclude>
    <ClInclude Include="CtrlGrid.h">
      <Filter>Header Files</Filter>
    </ClInclude>
    <ClInclude Include="ListObj.h">
      <Filter>Header Files</Filter>
    </ClInclude>
    <ClInclude Include="Geom.h">
      <Filter>Header Files</Filter>
    </ClInclude>
    <ClInclude Include="GW.h">
      <Filter>Header Files</Filter>
    </ClInclude>
    <ClInclude Include="OkBaseTypes.h">
      <Filter>Header Files</Filter>
    </ClInclude>
  </ItemGroup>
  <ItemGroup>
    <ClCompile Include="FontGlyph.cpp">
      <Filter>Source Files</Filter>
    </ClCompile>
    <ClCompile Include="CtrlDiv.cpp">
      <Filter>Source Files</Filter>
    </ClCompile>
    <ClCompile Include="Dg_About.cpp">
      <Filter>Source Files</Filter>
    </ClCompile>
    <ClCompile Include="Draw.cpp">
      <Filter>Source Files</Filter>
    </ClCompile>
    <ClCompile Include="Utils.cpp">
      <Filter>Source Files</Filter>
    </ClCompile>
    <ClCompile Include="Config.cpp">
      <Filter>Source Files</Filter>
    </ClCompile>
    <ClCompile Include="GeRect.cpp">
      <Filter>Source Files</Filter>
    </ClCompile>
    <ClCompile Include="ListObj.cpp">
      <Filter>Source Files</Filter>
    </ClCompile>
    <ClCompile Include="Grid.cpp">
      <Filter>Source Files</Filter>
    </ClCompile>
    <ClCompile Include="Grid_LView.cpp">
      <Filter>Source Files</Filter>
    </ClCompile>
    <ClCompile Include="Grid_WinProc.cpp">
      <Filter>Source Files</Filter>
    </ClCompile>
    <ClCompile Include="InfoWnd.cpp">
      <Filter>Source Files</Filter>
    </ClCompile>
    <ClCompile Include="Main.cpp">
      <Filter>Source Files</Filter>
    </ClCompile>
    <ClCompile Include="GW_CoordSpace.cpp">
      <Filter>Source Files</Filter>
    </ClCompile>
    <ClCompile Include="GW_Base.cpp">
      <Filter>Source Files</Filter>
    </ClCompile>
    <ClCompile Include="GW_WndProc.cpp">
      <Filter>Source Files</Filter>
    </ClCompile>
    <ClCompile Include="GW_Paint.cpp">
      <Filter>Source Files</Filter>
    </ClCompile>
    <ClCompile Include="GePolyline.cpp">
      <Filter>Source Files</Filter>
    </ClCompile>
    <ClCompile Include="GeListPlines.cpp">
      <Filter>Source Files</Filter>
    </ClCompile>
    <ClCompile Include="GePoint.cpp">
      <Filter>Source Files</Filter>
    </ClCompile>
    <ClCompile Include="GeLine.cpp">
      <Filter>Source Files</Filter>
    </ClCompile>
    <ClCompile Include="EnumFonts.cpp">
      <Filter>Source Files</Filter>
    </ClCompile>
    <ClCompile Include="Events.cpp">
      <Filter>Source Files</Filter>
    </ClCompile>
  </ItemGroup>
  <ItemGroup>
    <ResourceCompile Include="FontGlyph.rc">
      <Filter>Resource Files</Filter>
    </ResourceCompile>
  </ItemGroup>
  <ItemGroup>
    <Image Include="small.ico">
      <Filter>Resource Files</Filter>
    </Image>
    <Image Include="FontGlyph.ico">
      <Filter>Resource Files</Filter>
    </Image>
    <Image Include="res\FontGlyph.ico">
      <Filter>Resource Files</Filter>
    </Image>
    <Image Include="res\small.ico">
      <Filter>Resource Files</Filter>
    </Image>
    <Image Include="res\SortColumnUp.bmp">
      <Filter>Resource Files</Filter>
    </Image>
    <Image Include="res\SortColumnDown.bmp">
      <Filter>Resource Files</Filter>
    </Image>
    <Image Include="res\FontTTF.bmp">
      <Filter>Resource Files</Filter>
    </Image>
  </ItemGroup>
  <ItemGroup>
    <None Include="res\divvert.cur">
      <Filter>Resource Files</Filter>
    </None>
    <None Include="res\divhorz.cur">
      <Filter>Resource Files</Filter>
    </None>
    <None Include="res\ZoomPan1.cur">
      <Filter>Resource Files</Filter>
    </None>
    <None Include="res\ZoomPan2.cur">
      <Filter>Resource Files</Filter>
    </None>
    <None Include="res\ZoomInOut.cur">
      <Filter>Resource Files</Filter>
    </None>
  </ItemGroup>
</Project>